Microsoft Visual Studio Solution File, Format Version 11.00
# Visual Studio 2008

Project("{F8114318-6997-24C4-37B9-89D5974D1F5A}") = "FSMs_EXER_ANTS", "Assembly-CSharp.csproj", "{41038413-9DCF-330E-ACB5-79A4BC2AE630}"
EndProject
Global
	GlobalSection(SolutionConfigurationPlatforms) = preSolution
		Debug|Any CPU = Debug|Any CPU
		Release|Any CPU = Release|Any CPU
	EndGlobalSection
	GlobalSection(ProjectConfigurationPlatforms) = postSolution
		{41038413-9DCF-330E-ACB5-79A4BC2AE630}.Debug|Any CPU.ActiveCfg = Debug|Any CPU
		{41038413-9DCF-330E-ACB5-79A4BC2AE630}.Debug|Any CPU.Build.0 = Debug|Any CPU
		{41038413-9DCF-330E-ACB5-79A4BC2AE630}.Release|Any CPU.ActiveCfg = Release|Any CPU
		{41038413-9DCF-330E-ACB5-79A4BC2AE630}.Release|Any CPU.Build.0 = Release|Any CPU
	EndGlobalSection
	GlobalSection(SolutionProperties) = preSolution
		HideSolutionNode = FALSE
	EndGlobalSection
	GlobalSection(MonoDevelopProperties) = preSolution
		StartupItem = Assembly-CSharp.csproj
	EndGlobalSection
EndGlobal
