Microsoft Visual Studio Solution File, Format Version 11.00
# Visual Studio 2008

Project("{8C6E27FE-7BA6-E4E5-8D29-3158CED90A69}") = "HEN_and_CHICKS - STU", "Assembly-CSharp.csproj", "{4945D616-8E7D-46DA-67C8-44340CA4A9C6}"
EndProject
Global
	GlobalSection(SolutionConfigurationPlatforms) = preSolution
		Debug|Any CPU = Debug|Any CPU
		Release|Any CPU = Release|Any CPU
	EndGlobalSection
	GlobalSection(ProjectConfigurationPlatforms) = postSolution
		{4945D616-8E7D-46DA-67C8-44340CA4A9C6}.Debug|Any CPU.ActiveCfg = Debug|Any CPU
		{4945D616-8E7D-46DA-67C8-44340CA4A9C6}.Debug|Any CPU.Build.0 = Debug|Any CPU
		{4945D616-8E7D-46DA-67C8-44340CA4A9C6}.Release|Any CPU.ActiveCfg = Release|Any CPU
		{4945D616-8E7D-46DA-67C8-44340CA4A9C6}.Release|Any CPU.Build.0 = Release|Any CPU
	EndGlobalSection
	GlobalSection(SolutionProperties) = preSolution
		HideSolutionNode = FALSE
	EndGlobalSection
	GlobalSection(MonoDevelopProperties) = preSolution
		StartupItem = Assembly-CSharp.csproj
	EndGlobalSection
EndGlobal
